
Microsoft Visual Studio Solution File, Format Version 12.00
# Visual Studio Version 16
VisualStudioVersion = 16.0.30804.86
MinimumVisualStudioVersion = 10.0.40219.1
Project("{FAE04EC0-301F-11D3-BF4B-00C04F79EFBC}") = "test", "test\test.csproj", "{CF2F7DC5-7675-4DDB-BA5E-69231E97110C}"
EndProject
Global
	GlobalSection(SolutionConfigurationPlatforms) = preSolution
		Debug|Any CPU = Debug|Any CPU
		Release|Any CPU = Release|Any CPU
	EndGlobalSection
	GlobalSection(ProjectConfigurationPlatforms) = postSolution
		{CF2F7DC5-7675-4DDB-BA5E-69231E97110C}.Debug|Any CPU.ActiveCfg = Debug|Any CPU
		{CF2F7DC5-7675-4DDB-BA5E-69231E97110C}.Debug|Any CPU.Build.0 = Debug|Any CPU
		{CF2F7DC5-7675-4DDB-BA5E-69231E97110C}.Release|Any CPU.ActiveCfg = Release|Any CPU
		{CF2F7DC5-7675-4DDB-BA5E-69231E97110C}.Release|Any CPU.Build.0 = Release|Any CPU
	EndGlobalSection
	GlobalSection(SolutionProperties) = preSolution
		HideSolutionNode = FALSE
	EndGlobalSection
	GlobalSection(ExtensibilityGlobals) = postSolution
		SolutionGuid = {65FA9EE4-EC5B-4204-9B5C-DF9D71AEDAF8}
	EndGlobalSection
EndGlobal
